{
  "lockfileVersion": 1,
  "configVersion": 1,
  "workspaces": {
    "": {
      "name": "polymarket-btc-bot",
      "dependencies": {
        "@polymarket/clob-client": "^4.0.0",
        "ethers": "^5.7.2",
        "ink": "^4.4.1",
        "react": "^18.2.0",
        "ws": "^8.19.0",
      },
      "devDependencies": {
        "@types/bun": "latest",
        "@types/react": "^18.2.0",
        "@types/ws": "^8.18.1",
        "react-devtools-core": "^7.0.1",
      },
    },
  },
  "packages": {
    "@alcalzone/ansi-tokenize": ["@alcalzone/ansi-tokenize@0.1.3", "", { "dependencies": { "ansi-styles": "^6.2.1", "is-fullwidth-code-point": "^4.0.0" } }, "sha512-3yWxPTq3UQ/FY9p1ErPxIyfT64elWaMvM9lIHnaqpyft63tkxodF5aUElYHrdisWve5cETkh1+KBw1yJuW0aRw=="],

    "@ethereumjs/rlp": ["@ethereumjs/rlp@4.0.1", "", { "bin": { "rlp": "bin/rlp" } }, "sha512-tqsQiBQDQdmPWE1xkkBq4rlSW5QZpLOUJ5RJh2/9fug+q9tnUhuZoVLk7s0scUIKTOzEtR72DFBXI4WiZcMpvw=="],

    "@ethereumjs/util": ["@ethereumjs/util@8.1.0", "", { "dependencies": { "@ethereumjs/rlp": "^4.0.1", "ethereum-cryptography": "^2.0.0", "micro-ftch": "^0.3.1" } }, "sha512-zQ0IqbdX8FZ9aw11vP+dZkKDkS+kgIvQPHnSAXzP9pLu+Rfu3D3XEeLbicvoXJTYnhZiPmsZUxgdzXwNKxRPbA=="],

    "@ethersproject/abi": ["@ethersproject/abi@5.8.0", "", { "dependencies": { "@ethersproject/address": "^5.8.0", "@ethersproject/bignumber": "^5.8.0", "@ethersproject/bytes": "^5.8.0", "@ethersproject/constants": "^5.8.0", "@ethersproject/hash": "^5.8.0", "@ethersproject/keccak256": "^5.8.0", "@ethersproject/logger": "^5.8.0", "@ethersproject/properties": "^5.8.0", "@ethersproject/strings": "^5.8.0" } }, "sha512-b9YS/43ObplgyV6SlyQsG53/vkSal0MNA1fskSC4mbnCMi8R+NkcH8K9FPYNESf6jUefBUniE4SOKms0E/KK1Q=="],

    "@ethersproject/abstract-provider": ["@ethersproject/abstract-provider@5.8.0", "", { "dependencies": { "@ethersproject/bignumber": "^5.8.0", "@ethersproject/bytes": "^5.8.0", "@ethersproject/logger": "^5.8.0", "@ethersproject/networks": "^5.8.0", "@ethersproject/properties": "^5.8.0", "@ethersproject/transactions": "^5.8.0", "@ethersproject/web": "^5.8.0" } }, "sha512-wC9SFcmh4UK0oKuLJQItoQdzS/qZ51EJegK6EmAWlh+OptpQ/npECOR3QqECd8iGHC0RJb4WKbVdSfif4ammrg=="],

    "@ethersproject/abstract-signer": ["@ethersproject/abstract-signer@5.8.0", "", { "dependencies": { "@ethersproject/abstract-provider": "^5.8.0", "@ethersproject/bignumber": "^5.8.0", "@ethersproject/bytes": "^5.8.0", "@ethersproject/logger": "^5.8.0", "@ethersproject/properties": "^5.8.0" } }, "sha512-N0XhZTswXcmIZQdYtUnd79VJzvEwXQw6PK0dTl9VoYrEBxxCPXqS0Eod7q5TNKRxe1/5WUMuR0u0nqTF/avdCA=="],

    "@ethersproject/address": ["@ethersproject/address@5.8.0", "", { "dependencies": { "@ethersproject/bignumber": "^5.8.0", "@ethersproject/bytes": "^5.8.0", "@ethersproject/keccak256": "^5.8.0", "@ethersproject/logger": "^5.8.0", "@ethersproject/rlp": "^5.8.0" } }, "sha512-GhH/abcC46LJwshoN+uBNoKVFPxUuZm6dA257z0vZkKmU1+t8xTn8oK7B9qrj8W2rFRMch4gbJl6PmVxjxBEBA=="],

    "@ethersproject/base64": ["@ethersproject/base64@5.8.0", "", { "dependencies": { "@ethersproject/bytes": "^5.8.0" } }, "sha512-lN0oIwfkYj9LbPx4xEkie6rAMJtySbpOAFXSDVQaBnAzYfB4X2Qr+FXJGxMoc3Bxp2Sm8OwvzMrywxyw0gLjIQ=="],

    "@ethersproject/basex": ["@ethersproject/basex@5.8.0", "", { "dependencies": { "@ethersproject/bytes": "^5.8.0", "@ethersproject/properties": "^5.8.0" } }, "sha512-PIgTszMlDRmNwW9nhS6iqtVfdTAKosA7llYXNmGPw4YAI1PUyMv28988wAb41/gHF/WqGdoLv0erHaRcHRKW2Q=="],

    "@ethersproject/bignumber": ["@ethersproject/bignumber@5.8.0", "", { "dependencies": { "@ethersproject/bytes": "^5.8.0", "@ethersproject/logger": "^5.8.0", "bn.js": "^5.2.1" } }, "sha512-ZyaT24bHaSeJon2tGPKIiHszWjD/54Sz8t57Toch475lCLljC6MgPmxk7Gtzz+ddNN5LuHea9qhAe0x3D+uYPA=="],

    "@ethersproject/bytes": ["@ethersproject/bytes@5.8.0", "", { "dependencies": { "@ethersproject/logger": "^5.8.0" } }, "sha512-vTkeohgJVCPVHu5c25XWaWQOZ4v+DkGoC42/TS2ond+PARCxTJvgTFUNDZovyQ/uAQ4EcpqqowKydcdmRKjg7A=="],

    "@ethersproject/constants": ["@ethersproject/constants@5.8.0", "", { "dependencies": { "@ethersproject/bignumber": "^5.8.0" } }, "sha512-wigX4lrf5Vu+axVTIvNsuL6YrV4O5AXl5ubcURKMEME5TnWBouUh0CDTWxZ2GpnRn1kcCgE7l8O5+VbV9QTTcg=="],

    "@ethersproject/contracts": ["@ethersproject/contracts@5.8.0", "", { "dependencies": { "@ethersproject/abi": "^5.8.0", "@ethersproject/abstract-provider": "^5.8.0", "@ethersproject/abstract-signer": "^5.8.0", "@ethersproject/address": "^5.8.0", "@ethersproject/bignumber": "^5.8.0", "@ethersproject/bytes": "^5.8.0", "@ethersproject/constants": "^5.8.0", "@ethersproject/logger": "^5.8.0", "@ethersproject/properties": "^5.8.0", "@ethersproject/transactions": "^5.8.0" } }, "sha512-0eFjGz9GtuAi6MZwhb4uvUM216F38xiuR0yYCjKJpNfSEy4HUM8hvqqBj9Jmm0IUz8l0xKEhWwLIhPgxNY0yvQ=="],

    "@ethersproject/hash": ["@ethersproject/hash@5.8.0", "", { "dependencies": { "@ethersproject/abstract-signer": "^5.8.0", "@ethersproject/address": "^5.8.0", "@ethersproject/base64": "^5.8.0", "@ethersproject/bignumber": "^5.8.0", "@ethersproject/bytes": "^5.8.0", "@ethersproject/keccak256": "^5.8.0", "@ethersproject/logger": "^5.8.0", "@ethersproject/properties": "^5.8.0", "@ethersproject/strings": "^5.8.0" } }, "sha512-ac/lBcTbEWW/VGJij0CNSw/wPcw9bSRgCB0AIBz8CvED/jfvDoV9hsIIiWfvWmFEi8RcXtlNwp2jv6ozWOsooA=="],

    "@ethersproject/hdnode": ["@ethersproject/hdnode@5.8.0", "", { "dependencies": { "@ethersproject/abstract-signer": "^5.8.0", "@ethersproject/basex": "^5.8.0", "@ethersproject/bignumber": "^5.8.0", "@ethersproject/bytes": "^5.8.0", "@ethersproject/logger": "^5.8.0", "@ethersproject/pbkdf2": "^5.8.0", "@ethersproject/properties": "^5.8.0", "@ethersproject/sha2": "^5.8.0", "@ethersproject/signing-key": "^5.8.0", "@ethersproject/strings": "^5.8.0", "@ethersproject/transactions": "^5.8.0", "@ethersproject/wordlists": "^5.8.0" } }, "sha512-4bK1VF6E83/3/Im0ERnnUeWOY3P1BZml4ZD3wcH8Ys0/d1h1xaFt6Zc+Dh9zXf9TapGro0T4wvO71UTCp3/uoA=="],

    "@ethersproject/json-wallets": ["@ethersproject/json-wallets@5.8.0", "", { "dependencies": { "@ethersproject/abstract-signer": "^5.8.0", "@ethersproject/address": "^5.8.0", "@ethersproject/bytes": "^5.8.0", "@ethersproject/hdnode": "^5.8.0", "@ethersproject/keccak256": "^5.8.0", "@ethersproject/logger": "^5.8.0", "@ethersproject/pbkdf2": "^5.8.0", "@ethersproject/properties": "^5.8.0", "@ethersproject/random": "^5.8.0", "@ethersproject/strings": "^5.8.0", "@ethersproject/transactions": "^5.8.0", "aes-js": "3.0.0", "scrypt-js": "3.0.1" } }, "sha512-HxblNck8FVUtNxS3VTEYJAcwiKYsBIF77W15HufqlBF9gGfhmYOJtYZp8fSDZtn9y5EaXTE87zDwzxRoTFk11w=="],

    "@ethersproject/keccak256": ["@ethersproject/keccak256@5.8.0", "", { "dependencies": { "@ethersproject/bytes": "^5.8.0", "js-sha3": "0.8.0" } }, "sha512-A1pkKLZSz8pDaQ1ftutZoaN46I6+jvuqugx5KYNeQOPqq+JZ0Txm7dlWesCHB5cndJSu5vP2VKptKf7cksERng=="],

    "@ethersproject/logger": ["@ethersproject/logger@5.8.0", "", {}, "sha512-Qe6knGmY+zPPWTC+wQrpitodgBfH7XoceCGL5bJVejmH+yCS3R8jJm8iiWuvWbG76RUmyEG53oqv6GMVWqunjA=="],

    "@ethersproject/networks": ["@ethersproject/networks@5.8.0", "", { "dependencies": { "@ethersproject/logger": "^5.8.0" } }, "sha512-egPJh3aPVAzbHwq8DD7Po53J4OUSsA1MjQp8Vf/OZPav5rlmWUaFLiq8cvQiGK0Z5K6LYzm29+VA/p4RL1FzNg=="],

    "@ethersproject/pbkdf2": ["@ethersproject/pbkdf2@5.8.0", "", { "dependencies": { "@ethersproject/bytes": "^5.8.0", "@ethersproject/sha2": "^5.8.0" } }, "sha512-wuHiv97BrzCmfEaPbUFpMjlVg/IDkZThp9Ri88BpjRleg4iePJaj2SW8AIyE8cXn5V1tuAaMj6lzvsGJkGWskg=="],

    "@ethersproject/properties": ["@ethersproject/properties@5.8.0", "", { "dependencies": { "@ethersproject/logger": "^5.8.0" } }, "sha512-PYuiEoQ+FMaZZNGrStmN7+lWjlsoufGIHdww7454FIaGdbe/p5rnaCXTr5MtBYl3NkeoVhHZuyzChPeGeKIpQw=="],

    "@ethersproject/providers": ["@ethersproject/providers@5.8.0", "", { "dependencies": { "@ethersproject/abstract-provider": "^5.8.0", "@ethersproject/abstract-signer": "^5.8.0", "@ethersproject/address": "^5.8.0", "@ethersproject/base64": "^5.8.0", "@ethersproject/basex": "^5.8.0", "@ethersproject/bignumber": "^5.8.0", "@ethersproject/bytes": "^5.8.0", "@ethersproject/constants": "^5.8.0", "@ethersproject/hash": "^5.8.0", "@ethersproject/logger": "^5.8.0", "@ethersproject/networks": "^5.8.0", "@ethersproject/properties": "^5.8.0", "@ethersproject/random": "^5.8.0", "@ethersproject/rlp": "^5.8.0", "@ethersproject/sha2": "^5.8.0", "@ethersproject/strings": "^5.8.0", "@ethersproject/transactions": "^5.8.0", "@ethersproject/web": "^5.8.0", "bech32": "1.1.4", "ws": "8.18.0" } }, "sha512-3Il3oTzEx3o6kzcg9ZzbE+oCZYyY+3Zh83sKkn4s1DZfTUjIegHnN2Cm0kbn9YFy45FDVcuCLLONhU7ny0SsCw=="],

    "@ethersproject/random": ["@ethersproject/random@5.8.0", "", { "dependencies": { "@ethersproject/bytes": "^5.8.0", "@ethersproject/logger": "^5.8.0" } }, "sha512-E4I5TDl7SVqyg4/kkA/qTfuLWAQGXmSOgYyO01So8hLfwgKvYK5snIlzxJMk72IFdG/7oh8yuSqY2KX7MMwg+A=="],

    "@ethersproject/rlp": ["@ethersproject/rlp@5.8.0", "", { "dependencies": { "@ethersproject/bytes": "^5.8.0", "@ethersproject/logger": "^5.8.0" } }, "sha512-LqZgAznqDbiEunaUvykH2JAoXTT9NV0Atqk8rQN9nx9SEgThA/WMx5DnW8a9FOufo//6FZOCHZ+XiClzgbqV9Q=="],

    "@ethersproject/sha2": ["@ethersproject/sha2@5.8.0", "", { "dependencies": { "@ethersproject/bytes": "^5.8.0", "@ethersproject/logger": "^5.8.0", "hash.js": "1.1.7" } }, "sha512-dDOUrXr9wF/YFltgTBYS0tKslPEKr6AekjqDW2dbn1L1xmjGR+9GiKu4ajxovnrDbwxAKdHjW8jNcwfz8PAz4A=="],

    "@ethersproject/signing-key": ["@ethersproject/signing-key@5.8.0", "", { "dependencies": { "@ethersproject/bytes": "^5.8.0", "@ethersproject/logger": "^5.8.0", "@ethersproject/properties": "^5.8.0", "bn.js": "^5.2.1", "elliptic": "6.6.1", "hash.js": "1.1.7" } }, "sha512-LrPW2ZxoigFi6U6aVkFN/fa9Yx/+4AtIUe4/HACTvKJdhm0eeb107EVCIQcrLZkxaSIgc/eCrX8Q1GtbH+9n3w=="],

    "@ethersproject/solidity": ["@ethersproject/solidity@5.8.0", "", { "dependencies": { "@ethersproject/bignumber": "^5.8.0", "@ethersproject/bytes": "^5.8.0", "@ethersproject/keccak256": "^5.8.0", "@ethersproject/logger": "^5.8.0", "@ethersproject/sha2": "^5.8.0", "@ethersproject/strings": "^5.8.0" } }, "sha512-4CxFeCgmIWamOHwYN9d+QWGxye9qQLilpgTU0XhYs1OahkclF+ewO+3V1U0mvpiuQxm5EHHmv8f7ClVII8EHsA=="],

    "@ethersproject/strings": ["@ethersproject/strings@5.8.0", "", { "dependencies": { "@ethersproject/bytes": "^5.8.0", "@ethersproject/constants": "^5.8.0", "@ethersproject/logger": "^5.8.0" } }, "sha512-qWEAk0MAvl0LszjdfnZ2uC8xbR2wdv4cDabyHiBh3Cldq/T8dPH3V4BbBsAYJUeonwD+8afVXld274Ls+Y1xXg=="],

    "@ethersproject/transactions": ["@ethersproject/transactions@5.8.0", "", { "dependencies": { "@ethersproject/address": "^5.8.0", "@ethersproject/bignumber": "^5.8.0", "@ethersproject/bytes": "^5.8.0", "@ethersproject/constants": "^5.8.0", "@ethersproject/keccak256": "^5.8.0", "@ethersproject/logger": "^5.8.0", "@ethersproject/properties": "^5.8.0", "@ethersproject/rlp": "^5.8.0", "@ethersproject/signing-key": "^5.8.0" } }, "sha512-UglxSDjByHG0TuU17bDfCemZ3AnKO2vYrL5/2n2oXvKzvb7Cz+W9gOWXKARjp2URVwcWlQlPOEQyAviKwT4AHg=="],

    "@ethersproject/units": ["@ethersproject/units@5.8.0", "", { "dependencies": { "@ethersproject/bignumber": "^5.8.0", "@ethersproject/constants": "^5.8.0", "@ethersproject/logger": "^5.8.0" } }, "sha512-lxq0CAnc5kMGIiWW4Mr041VT8IhNM+Pn5T3haO74XZWFulk7wH1Gv64HqE96hT4a7iiNMdOCFEBgaxWuk8ETKQ=="],

    "@ethersproject/wallet": ["@ethersproject/wallet@5.8.0", "", { "dependencies": { "@ethersproject/abstract-provider": "^5.8.0", "@ethersproject/abstract-signer": "^5.8.0", "@ethersproject/address": "^5.8.0", "@ethersproject/bignumber": "^5.8.0", "@ethersproject/bytes": "^5.8.0", "@ethersproject/hash": "^5.8.0", "@ethersproject/hdnode": "^5.8.0", "@ethersproject/json-wallets": "^5.8.0", "@ethersproject/keccak256": "^5.8.0", "@ethersproject/logger": "^5.8.0", "@ethersproject/properties": "^5.8.0", "@ethersproject/random": "^5.8.0", "@ethersproject/signing-key": "^5.8.0", "@ethersproject/transactions": "^5.8.0", "@ethersproject/wordlists": "^5.8.0" } }, "sha512-G+jnzmgg6UxurVKRKvw27h0kvG75YKXZKdlLYmAHeF32TGUzHkOFd7Zn6QHOTYRFWnfjtSSFjBowKo7vfrXzPA=="],

    "@ethersproject/web": ["@ethersproject/web@5.8.0", "", { "dependencies": { "@ethersproject/base64": "^5.8.0", "@ethersproject/bytes": "^5.8.0", "@ethersproject/logger": "^5.8.0", "@ethersproject/properties": "^5.8.0", "@ethersproject/strings": "^5.8.0" } }, "sha512-j7+Ksi/9KfGviws6Qtf9Q7KCqRhpwrYKQPs+JBA/rKVFF/yaWLHJEH3zfVP2plVu+eys0d2DlFmhoQJayFewcw=="],

    "@ethersproject/wordlists": ["@ethersproject/wordlists@5.8.0", "", { "dependencies": { "@ethersproject/bytes": "^5.8.0", "@ethersproject/hash": "^5.8.0", "@ethersproject/logger": "^5.8.0", "@ethersproject/properties": "^5.8.0", "@ethersproject/strings": "^5.8.0" } }, "sha512-2df9bbXicZws2Sb5S6ET493uJ0Z84Fjr3pC4tu/qlnZERibZCeUVuqdtt+7Tv9xxhUxHoIekIA7avrKUWHrezg=="],

    "@metamask/eth-sig-util": ["@metamask/eth-sig-util@5.1.0", "", { "dependencies": { "@ethereumjs/util": "^8.0.6", "bn.js": "^4.12.0", "ethereum-cryptography": "^2.0.0", "ethjs-util": "^0.1.6", "tweetnacl": "^1.0.3", "tweetnacl-util": "^0.15.1" } }, "sha512-mlgziIHYlA9pi/XZerChqg4NocdOgBPB9NmxgXWQO2U2hH8RGOJQrz6j/AIKkYxgCMIE2PY000+joOwXfzeTDQ=="],

    "@noble/curves": ["@noble/curves@1.4.2", "", { "dependencies": { "@noble/hashes": "1.4.0" } }, "sha512-TavHr8qycMChk8UwMld0ZDRvatedkzWfH8IiaeGCfymOP5i0hSCozz9vHOL0nkwk7HRMlFnAiKpS2jrUmSybcw=="],

    "@noble/hashes": ["@noble/hashes@1.4.0", "", {}, "sha512-V1JJ1WTRUqHHrOSh597hURcMqVKVGL/ea3kv0gSnEdsEZ0/+VyPghM1lMNGc00z7CIQorSvbKpuJkxvuHbvdbg=="],

    "@polymarket/builder-signing-sdk": ["@polymarket/builder-signing-sdk@0.0.8", "", { "dependencies": { "@types/node": "^18.7.18", "axios": "^1.12.2", "tslib": "^2.8.1" } }, "sha512-rZLCFxEdYahl5FiJmhe22RDXysS1ibFJlWz4NT0s3itJRYq3XJzXXHXEZkAQplU+nIS1IlbbKjA4zDQaeCyYtg=="],

    "@polymarket/clob-client": ["@polymarket/clob-client@4.22.8", "", { "dependencies": { "@polymarket/builder-signing-sdk": "^0.0.8", "@polymarket/order-utils": "^2.1.0", "axios": "^0.27.2", "browser-or-node": "^2.1.1", "ethers": "^5.7.1" } }, "sha512-kwiOeTrZ4pVBaAlxi78rR7gXlvofFohlgSQAXslx7xsfMnwaDAjp3zr7+co+Kf+YGrBbU9ztEVM/FxMSm38jxA=="],

    "@polymarket/order-utils": ["@polymarket/order-utils@2.1.0", "", { "dependencies": { "@metamask/eth-sig-util": "^5.0.0", "ethers": "^5.7.1" } }, "sha512-vUFj1WiEtm4vB0dxx2NweKKioPu7ehBoJ8fTTaVbR8Dur6AazVWyS+KhgrDE66fKTNneOxxgfdEpbNgxZ4pOIA=="],

    "@scure/base": ["@scure/base@1.1.9", "", {}, "sha512-8YKhl8GHiNI/pU2VMaofa2Tor7PJRAjwQLBBuilkJ9L5+13yVbC7JO/wS7piioAvPSwR3JKM1IJ/u4xQzbcXKg=="],

    "@scure/bip32": ["@scure/bip32@1.4.0", "", { "dependencies": { "@noble/curves": "~1.4.0", "@noble/hashes": "~1.4.0", "@scure/base": "~1.1.6" } }, "sha512-sVUpc0Vq3tXCkDGYVWGIZTRfnvu8LoTDaev7vbwh0omSvVORONr960MQWdKqJDCReIEmTj3PAr73O3aoxz7OPg=="],

    "@scure/bip39": ["@scure/bip39@1.3.0", "", { "dependencies": { "@noble/hashes": "~1.4.0", "@scure/base": "~1.1.6" } }, "sha512-disdg7gHuTDZtY+ZdkmLpPCk7fxZSu3gBiEGuoC1XYxv9cGx3Z6cpTggCgW6odSOOIXCiDjuGejW+aJKCY/pIQ=="],

    "@types/bun": ["@types/bun@1.3.5", "", { "dependencies": { "bun-types": "1.3.5" } }, "sha512-RnygCqNrd3srIPEWBd5LFeUYG7plCoH2Yw9WaZGyNmdTEei+gWaHqydbaIRkIkcbXwhBT94q78QljxN0Sk838w=="],

    "@types/node": ["@types/node@25.0.3", "", { "dependencies": { "undici-types": "~7.16.0" } }, "sha512-W609buLVRVmeW693xKfzHeIV6nJGGz98uCPfeXI1ELMLXVeKYZ9m15fAMSaUPBHYLGFsVRcMmSCksQOrZV9BYA=="],

    "@types/prop-types": ["@types/prop-types@15.7.15", "", {}, "sha512-F6bEyamV9jKGAFBEmlQnesRPGOQqS2+Uwi0Em15xenOxHaf2hv6L8YCVn3rPdPJOiJfPiCnLIRyvwVaqMY3MIw=="],

    "@types/react": ["@types/react@18.3.27", "", { "dependencies": { "@types/prop-types": "*", "csstype": "^3.2.2" } }, "sha512-cisd7gxkzjBKU2GgdYrTdtQx1SORymWyaAFhaxQPK9bYO9ot3Y5OikQRvY0VYQtvwjeQnizCINJAenh/V7MK2w=="],

    "@types/ws": ["@types/ws@8.18.1", "", { "dependencies": { "@types/node": "*" } }, "sha512-ThVF6DCVhA8kUGy+aazFQ4kXQ7E1Ty7A3ypFOe0IcJV8O/M511G99AW24irKrW56Wt44yG9+ij8FaqoBGkuBXg=="],

    "aes-js": ["aes-js@3.0.0", "", {}, "sha512-H7wUZRn8WpTq9jocdxQ2c8x2sKo9ZVmzfRE13GiNJXfp7NcKYEdvl3vspKjXox6RIG2VtaRe4JFvxG4rqp2Zuw=="],

    "ansi-escapes": ["ansi-escapes@6.2.1", "", {}, "sha512-4nJ3yixlEthEJ9Rk4vPcdBRkZvQZlYyu8j4/Mqz5sgIkddmEnH2Yj2ZrnP9S3tQOvSNRUIgVNF/1yPpRAGNRig=="],

    "ansi-regex": ["ansi-regex@6.2.2", "", {}, "sha512-Bq3SmSpyFHaWjPk8If9yc6svM8c56dB5BAtW4Qbw5jHTwwXXcTLoRMkpDJp6VL0XzlWaCHTXrkFURMYmD0sLqg=="],

    "ansi-styles": ["ansi-styles@6.2.3", "", {}, "sha512-4Dj6M28JB+oAH8kFkTLUo+a2jwOFkuqb3yucU0CANcRRUbxS0cP0nZYCGjcc3BNXwRIsUVmDGgzawme7zvJHvg=="],

    "asynckit": ["asynckit@0.4.0", "", {}, "sha512-Oei9OH4tRh0YqU3GxhX79dM/mwVgvbZJaSNaRk+bshkj0S5cfHcgYakreBjrHwatXKbz+IoIdYLxrKim2MjW0Q=="],

    "auto-bind": ["auto-bind@5.0.1", "", {}, "sha512-ooviqdwwgfIfNmDwo94wlshcdzfO64XV0Cg6oDsDYBJfITDz1EngD2z7DkbvCWn+XIMsIqW27sEVF6qcpJrRcg=="],

    "axios": ["axios@0.27.2", "", { "dependencies": { "follow-redirects": "^1.14.9", "form-data": "^4.0.0" } }, "sha512-t+yRIyySRTp/wua5xEr+z1q60QmLq8ABsS5O9Me1AsE5dfKqgnCFzwiCZZ/cGNd1lq4/7akDWMxdhVlucjmnOQ=="],

    "bech32": ["bech32@1.1.4", "", {}, "sha512-s0IrSOzLlbvX7yp4WBfPITzpAU8sqQcpsmwXDiKwrG4r491vwCO/XpejasRNl0piBMe/DvP4Tz0mIS/X1DPJBQ=="],

    "bn.js": ["bn.js@5.2.2", "", {}, "sha512-v2YAxEmKaBLahNwE1mjp4WON6huMNeuDvagFZW+ASCuA/ku0bXR9hSMw0XpiqMoA3+rmnyck/tPRSFQkoC9Cuw=="],

    "brorand": ["brorand@1.1.0", "", {}, "sha512-cKV8tMCEpQs4hK/ik71d6LrPOnpkpGBR0wzxqr68g2m/LB2GxVYQroAjMJZRVM1Y4BCjCKc3vAamxSzOY2RP+w=="],

    "browser-or-node": ["browser-or-node@2.1.1", "", {}, "sha512-8CVjaLJGuSKMVTxJ2DpBl5XnlNDiT4cQFeuCJJrvJmts9YrTZDizTX7PjC2s6W4x+MBGZeEY6dGMrF04/6Hgqg=="],

    "bun-types": ["bun-types@1.3.5", "", { "dependencies": { "@types/node": "*" } }, "sha512-inmAYe2PFLs0SUbFOWSVD24sg1jFlMPxOjOSSCYqUgn4Hsc3rDc7dFvfVYjFPNHtov6kgUeulV4SxbuIV/stPw=="],

    "call-bind-apply-helpers": ["call-bind-apply-helpers@1.0.2", "", { "dependencies": { "es-errors": "^1.3.0", "function-bind": "^1.1.2" } }, "sha512-Sp1ablJ0ivDkSzjcaJdxEunN5/XvksFJ2sMBFfq6x0ryhQV/2b/KwFe21cMpmHtPOSij8K99/wSfoEuTObmuMQ=="],

    "chalk": ["chalk@5.6.2", "", {}, "sha512-7NzBL0rN6fMUW+f7A6Io4h40qQlG+xGmtMxfbnH/K7TAtt8JQWVQK+6g0UXKMeVJoyV5EkkNsErQ8pVD3bLHbA=="],

    "ci-info": ["ci-info@3.9.0", "", {}, "sha512-NIxF55hv4nSqQswkAeiOi1r83xy8JldOFDTWiug55KBu9Jnblncd2U6ViHmYgHf01TPZS77NJBhBMKdWj9HQMQ=="],

    "cli-boxes": ["cli-boxes@3.0.0", "", {}, "sha512-/lzGpEWL/8PfI0BmBOPRwp0c/wFNX1RdUML3jK/RcSBA9T8mZDdQpqYBKtCFTOfQbwPqWEOpjqW+Fnayc0969g=="],

    "cli-cursor": ["cli-cursor@4.0.0", "", { "dependencies": { "restore-cursor": "^4.0.0" } }, "sha512-VGtlMu3x/4DOtIUwEkRezxUZ2lBacNJCHash0N0WeZDBS+7Ux1dm3XWAgWYxLJFMMdOeXMHXorshEFhbMSGelg=="],

    "cli-truncate": ["cli-truncate@3.1.0", "", { "dependencies": { "slice-ansi": "^5.0.0", "string-width": "^5.0.0" } }, "sha512-wfOBkjXteqSnI59oPcJkcPl/ZmwvMMOj340qUIY1SKZCv0B9Cf4D4fAucRkIKQmsIuYK3x1rrgU7MeGRruiuiA=="],

    "code-excerpt": ["code-excerpt@4.0.0", "", { "dependencies": { "convert-to-spaces": "^2.0.1" } }, "sha512-xxodCmBen3iy2i0WtAK8FlFNrRzjUqjRsMfho58xT/wvZU1YTM3fCnRjcy1gJPMepaRlgm/0e6w8SpWHpn3/cA=="],

    "combined-stream": ["combined-stream@1.0.8", "", { "dependencies": { "delayed-stream": "~1.0.0" } }, "sha512-FQN4MRfuJeHf7cBbBMJFXhKSDq+2kAArBlmRBvcvFE5BB1HZKXtSFASDhdlz9zOYwxh8lDdnvmMOe/+5cdoEdg=="],

    "convert-to-spaces": ["convert-to-spaces@2.0.1", "", {}, "sha512-rcQ1bsQO9799wq24uE5AM2tAILy4gXGIK/njFWcVQkGNZ96edlpY+A7bjwvzjYvLDyzmG1MmMLZhpcsb+klNMQ=="],

    "csstype": ["csstype@3.2.3", "", {}, "sha512-z1HGKcYy2xA8AGQfwrn0PAy+PB7X/GSj3UVJW9qKyn43xWa+gl5nXmU4qqLMRzWVLFC8KusUX8T/0kCiOYpAIQ=="],

    "delayed-stream": ["delayed-stream@1.0.0", "", {}, "sha512-ZySD7Nf91aLB0RxL4KGrKHBXl7Eds1DAmEdcoVawXnLD7SDhpNgtuII2aAkg7a7QS41jxPSZ17p4VdGnMHk3MQ=="],

    "dunder-proto": ["dunder-proto@1.0.1", "", { "dependencies": { "call-bind-apply-helpers": "^1.0.1", "es-errors": "^1.3.0", "gopd": "^1.2.0" } }, "sha512-KIN/nDJBQRcXw0MLVhZE9iQHmG68qAVIBg9CqmUYjmQIhgij9U5MFvrqkUL5FbtyyzZuOeOt0zdeRe4UY7ct+A=="],

    "eastasianwidth": ["eastasianwidth@0.2.0", "", {}, "sha512-I88TYZWc9XiYHRQ4/3c5rjjfgkjhLyW2luGIheGERbNQ6OY7yTybanSpDXZa8y7VUP9YmDcYa+eyq4ca7iLqWA=="],

    "elliptic": ["elliptic@6.6.1", "", { "dependencies": { "bn.js": "^4.11.9", "brorand": "^1.1.0", "hash.js": "^1.0.0", "hmac-drbg": "^1.0.1", "inherits": "^2.0.4", "minimalistic-assert": "^1.0.1", "minimalistic-crypto-utils": "^1.0.1" } }, "sha512-RaddvvMatK2LJHqFJ+YA4WysVN5Ita9E35botqIYspQ4TkRAlCicdzKOjlyv/1Za5RyTNn7di//eEV0uTAfe3g=="],

    "emoji-regex": ["emoji-regex@9.2.2", "", {}, "sha512-L18DaJsXSUk2+42pv8mLs5jJT2hqFkFE4j21wOmgbUqsZ2hL72NsUU785g9RXgo3s0ZNgVl42TiHp3ZtOv/Vyg=="],

    "es-define-property": ["es-define-property@1.0.1", "", {}, "sha512-e3nRfgfUZ4rNGL232gUgX06QNyyez04KdjFrF+LTRoOXmrOgFKDg4BCdsjW8EnT69eqdYGmRpJwiPVYNrCaW3g=="],

    "es-errors": ["es-errors@1.3.0", "", {}, "sha512-Zf5H2Kxt2xjTvbJvP2ZWLEICxA6j+hAmMzIlypy4xcBg1vKVnx89Wy0GbS+kf5cwCVFFzdCFh2XSCFNULS6csw=="],

    "es-object-atoms": ["es-object-atoms@1.1.1", "", { "dependencies": { "es-errors": "^1.3.0" } }, "sha512-FGgH2h8zKNim9ljj7dankFPcICIK9Cp5bm+c2gQSYePhpaG5+esrLODihIorn+Pe6FGJzWhXQotPv73jTaldXA=="],

    "es-set-tostringtag": ["es-set-tostringtag@2.1.0", "", { "dependencies": { "es-errors": "^1.3.0", "get-intrinsic": "^1.2.6", "has-tostringtag": "^1.0.2", "hasown": "^2.0.2" } }, "sha512-j6vWzfrGVfyXxge+O0x5sh6cvxAog0a/4Rdd2K36zCMV5eJ+/+tOAngRO8cODMNWbVRdVlmGZQL2YS3yR8bIUA=="],

    "escape-string-regexp": ["escape-string-regexp@2.0.0", "", {}, "sha512-UpzcLCXolUWcNu5HtVMHYdXJjArjsF9C0aNnquZYY4uW/Vu0miy5YoWvbV345HauVvcAUnpRuhMMcqTcGOY2+w=="],

    "ethereum-cryptography": ["ethereum-cryptography@2.2.1", "", { "dependencies": { "@noble/curves": "1.4.2", "@noble/hashes": "1.4.0", "@scure/bip32": "1.4.0", "@scure/bip39": "1.3.0" } }, "sha512-r/W8lkHSiTLxUxW8Rf3u4HGB0xQweG2RyETjywylKZSzLWoWAijRz8WCuOtJ6wah+avllXBqZuk29HCCvhEIRg=="],

    "ethers": ["ethers@5.8.0", "", { "dependencies": { "@ethersproject/abi": "5.8.0", "@ethersproject/abstract-provider": "5.8.0", "@ethersproject/abstract-signer": "5.8.0", "@ethersproject/address": "5.8.0", "@ethersproject/base64": "5.8.0", "@ethersproject/basex": "5.8.0", "@ethersproject/bignumber": "5.8.0", "@ethersproject/bytes": "5.8.0", "@ethersproject/constants": "5.8.0", "@ethersproject/contracts": "5.8.0", "@ethersproject/hash": "5.8.0", "@ethersproject/hdnode": "5.8.0", "@ethersproject/json-wallets": "5.8.0", "@ethersproject/keccak256": "5.8.0", "@ethersproject/logger": "5.8.0", "@ethersproject/networks": "5.8.0", "@ethersproject/pbkdf2": "5.8.0", "@ethersproject/properties": "5.8.0", "@ethersproject/providers": "5.8.0", "@ethersproject/random": "5.8.0", "@ethersproject/rlp": "5.8.0", "@ethersproject/sha2": "5.8.0", "@ethersproject/signing-key": "5.8.0", "@ethersproject/solidity": "5.8.0", "@ethersproject/strings": "5.8.0", "@ethersproject/transactions": "5.8.0", "@ethersproject/units": "5.8.0", "@ethersproject/wallet": "5.8.0", "@ethersproject/web": "5.8.0", "@ethersproject/wordlists": "5.8.0" } }, "sha512-DUq+7fHrCg1aPDFCHx6UIPb3nmt2XMpM7Y/g2gLhsl3lIBqeAfOJIl1qEvRf2uq3BiKxmh6Fh5pfp2ieyek7Kg=="],

    "ethjs-util": ["ethjs-util@0.1.6", "", { "dependencies": { "is-hex-prefixed": "1.0.0", "strip-hex-prefix": "1.0.0" } }, "sha512-CUnVOQq7gSpDHZVVrQW8ExxUETWrnrvXYvYz55wOU8Uj4VCgw56XC2B/fVqQN+f7gmrnRHSLVnFAwsCuNwji8w=="],

    "follow-redirects": ["follow-redirects@1.15.11", "", {}, "sha512-deG2P0JfjrTxl50XGCDyfI97ZGVCxIpfKYmfyrQ54n5FO/0gfIES8C/Psl6kWVDolizcaaxZJnTS0QSMxvnsBQ=="],

    "form-data": ["form-data@4.0.5", "", { "dependencies": { "asynckit": "^0.4.0", "combined-stream": "^1.0.8", "es-set-tostringtag": "^2.1.0", "hasown": "^2.0.2", "mime-types": "^2.1.12" } }, "sha512-8RipRLol37bNs2bhoV67fiTEvdTrbMUYcFTiy3+wuuOnUog2QBHCZWXDRijWQfAkhBj2Uf5UnVaiWwA5vdd82w=="],

    "function-bind": ["function-bind@1.1.2", "", {}, "sha512-7XHNxH7qX9xG5mIwxkhumTox/MIRNcOgDrxWsMt2pAr23WHp6MrRlN7FBSFpCpr+oVO0F744iUgR82nJMfG2SA=="],

    "get-intrinsic": ["get-intrinsic@1.3.0", "", { "dependencies": { "call-bind-apply-helpers": "^1.0.2", "es-define-property": "^1.0.1", "es-errors": "^1.3.0", "es-object-atoms": "^1.1.1", "function-bind": "^1.1.2", "get-proto": "^1.0.1", "gopd": "^1.2.0", "has-symbols": "^1.1.0", "hasown": "^2.0.2", "math-intrinsics": "^1.1.0" } }, "sha512-9fSjSaos/fRIVIp+xSJlE6lfwhES7LNtKaCBIamHsjr2na1BiABJPo0mOjjz8GJDURarmCPGqaiVg5mfjb98CQ=="],

    "get-proto": ["get-proto@1.0.1", "", { "dependencies": { "dunder-proto": "^1.0.1", "es-object-atoms": "^1.0.0" } }, "sha512-sTSfBjoXBp89JvIKIefqw7U2CCebsc74kiY6awiGogKtoSGbgjYE/G/+l9sF3MWFPNc9IcoOC4ODfKHfxFmp0g=="],

    "gopd": ["gopd@1.2.0", "", {}, "sha512-ZUKRh6/kUFoAiTAtTYPZJ3hw9wNxx+BIBOijnlG9PnrJsCcSjs1wyyD6vJpaYtgnzDrKYRSqf3OO6Rfa93xsRg=="],

    "has-symbols": ["has-symbols@1.1.0", "", {}, "sha512-1cDNdwJ2Jaohmb3sg4OmKaMBwuC48sYni5HUw2DvsC8LjGTLK9h+eb1X6RyuOHe4hT0ULCW68iomhjUoKUqlPQ=="],

    "has-tostringtag": ["has-tostringtag@1.0.2", "", { "dependencies": { "has-symbols": "^1.0.3" } }, "sha512-NqADB8VjPFLM2V0VvHUewwwsw0ZWBaIdgo+ieHtK3hasLz4qeCRjYcqfB6AQrBggRKppKF8L52/VqdVsO47Dlw=="],

    "hash.js": ["hash.js@1.1.7", "", { "dependencies": { "inherits": "^2.0.3", "minimalistic-assert": "^1.0.1" } }, "sha512-taOaskGt4z4SOANNseOviYDvjEJinIkRgmp7LbKP2YTTmVxWBl87s/uzK9r+44BclBSp2X7K1hqeNfz9JbBeXA=="],

    "hasown": ["hasown@2.0.2", "", { "dependencies": { "function-bind": "^1.1.2" } }, "sha512-0hJU9SCPvmMzIBdZFqNPXWa6dqh7WdH0cII9y+CyS8rG3nL48Bclra9HmKhVVUHyPWNH5Y7xDwAB7bfgSjkUMQ=="],

    "hmac-drbg": ["hmac-drbg@1.0.1", "", { "dependencies": { "hash.js": "^1.0.3", "minimalistic-assert": "^1.0.0", "minimalistic-crypto-utils": "^1.0.1" } }, "sha512-Tti3gMqLdZfhOQY1Mzf/AanLiqh1WTiJgEj26ZuYQ9fbkLomzGchCws4FyrSd4VkpBfiNhaE1On+lOz894jvXg=="],

    "indent-string": ["indent-string@5.0.0", "", {}, "sha512-m6FAo/spmsW2Ab2fU35JTYwtOKa2yAwXSwgjSv1TJzh4Mh7mC3lzAOVLBprb72XsTrgkEIsl7YrFNAiDiRhIGg=="],

    "inherits": ["inherits@2.0.4", "", {}, "sha512-k/vGaX4/Yla3WzyMCvTQOXYeIHvqOKtnqBduzTHpzpQZzAskKMhZ2K+EnBiSM9zGSoIFeMpXKxa4dYeZIQqewQ=="],

    "ink": ["ink@4.4.1", "", { "dependencies": { "@alcalzone/ansi-tokenize": "^0.1.3", "ansi-escapes": "^6.0.0", "auto-bind": "^5.0.1", "chalk": "^5.2.0", "cli-boxes": "^3.0.0", "cli-cursor": "^4.0.0", "cli-truncate": "^3.1.0", "code-excerpt": "^4.0.0", "indent-string": "^5.0.0", "is-ci": "^3.0.1", "is-lower-case": "^2.0.2", "is-upper-case": "^2.0.2", "lodash": "^4.17.21", "patch-console": "^2.0.0", "react-reconciler": "^0.29.0", "scheduler": "^0.23.0", "signal-exit": "^3.0.7", "slice-ansi": "^6.0.0", "stack-utils": "^2.0.6", "string-width": "^5.1.2", "type-fest": "^0.12.0", "widest-line": "^4.0.1", "wrap-ansi": "^8.1.0", "ws": "^8.12.0", "yoga-wasm-web": "~0.3.3" }, "peerDependencies": { "@types/react": ">=18.0.0", "react": ">=18.0.0", "react-devtools-core": "^4.19.1" }, "optionalPeers": ["@types/react", "react-devtools-core"] }, "sha512-rXckvqPBB0Krifk5rn/5LvQGmyXwCUpBfmTwbkQNBY9JY8RSl3b8OftBNEYxg4+SWUhEKcPifgope28uL9inlA=="],

    "is-ci": ["is-ci@3.0.1", "", { "dependencies": { "ci-info": "^3.2.0" }, "bin": { "is-ci": "bin.js" } }, "sha512-ZYvCgrefwqoQ6yTyYUbQu64HsITZ3NfKX1lzaEYdkTDcfKzzCI/wthRRYKkdjHKFVgNiXKAKm65Zo1pk2as/QQ=="],

    "is-fullwidth-code-point": ["is-fullwidth-code-point@4.0.0", "", {}, "sha512-O4L094N2/dZ7xqVdrXhh9r1KODPJpFms8B5sGdJLPy664AgvXsreZUyCQQNItZRDlYug4xStLjNp/sz3HvBowQ=="],

    "is-hex-prefixed": ["is-hex-prefixed@1.0.0", "", {}, "sha512-WvtOiug1VFrE9v1Cydwm+FnXd3+w9GaeVUss5W4v/SLy3UW00vP+6iNF2SdnfiBoLy4bTqVdkftNGTUeOFVsbA=="],

    "is-lower-case": ["is-lower-case@2.0.2", "", { "dependencies": { "tslib": "^2.0.3" } }, "sha512-bVcMJy4X5Og6VZfdOZstSexlEy20Sr0k/p/b2IlQJlfdKAQuMpiv5w2Ccxb8sKdRUNAG1PnHVHjFSdRDVS6NlQ=="],

    "is-upper-case": ["is-upper-case@2.0.2", "", { "dependencies": { "tslib": "^2.0.3" } }, "sha512-44pxmxAvnnAOwBg4tHPnkfvgjPwbc5QIsSstNU+YcJ1ovxVzCWpSGosPJOZh/a1tdl81fbgnLc9LLv+x2ywbPQ=="],

    "js-sha3": ["js-sha3@0.8.0", "", {}, "sha512-gF1cRrHhIzNfToc802P800N8PpXS+evLLXfsVpowqmAFR9uwbi89WvXg2QspOmXL8QL86J4T1EpFu+yUkwJY3Q=="],

    "js-tokens": ["js-tokens@4.0.0", "", {}, "sha512-RdJUflcE3cUzKiMqQgsCu06FPu9UdIJO0beYbPhHN4k6apgJtifcoCtT9bcxOpYBtpD2kCM6Sbzg4CausW/PKQ=="],

    "lodash": ["lodash@4.17.21", "", {}, "sha512-v2kDEe57lecTulaDIuNTPy3Ry4gLGJ6Z1O3vE1krgXZNrsQ+LFTGHVxVjcXPs17LhbZVGedAJv8XZ1tvj5FvSg=="],

    "loose-envify": ["loose-envify@1.4.0", "", { "dependencies": { "js-tokens": "^3.0.0 || ^4.0.0" }, "bin": { "loose-envify": "cli.js" } }, "sha512-lyuxPGr/Wfhrlem2CL/UcnUc1zcqKAImBDzukY7Y5F/yQiNdko6+fRLevlw1HgMySw7f611UIY408EtxRSoK3Q=="],

    "math-intrinsics": ["math-intrinsics@1.1.0", "", {}, "sha512-/IXtbwEk5HTPyEwyKX6hGkYXxM9nbj64B+ilVJnC/R6B0pH5G4V3b0pVbL7DBj4tkhBAppbQUlf6F6Xl9LHu1g=="],

    "micro-ftch": ["micro-ftch@0.3.1", "", {}, "sha512-/0LLxhzP0tfiR5hcQebtudP56gUurs2CLkGarnCiB/OqEyUFQ6U3paQi/tgLv0hBJYt2rnr9MNpxz4fiiugstg=="],

    "mime-db": ["mime-db@1.52.0", "", {}, "sha512-sPU4uV7dYlvtWJxwwxHD0PuihVNiE7TyAbQ5SWxDCB9mUYvOgroQOwYQQOKPJ8CIbE+1ETVlOoK1UC2nU3gYvg=="],

    "mime-types": ["mime-types@2.1.35", "", { "dependencies": { "mime-db": "1.52.0" } }, "sha512-ZDY+bPm5zTTF+YpCrAU9nK0UgICYPT0QtT1NZWFv4s++TNkcgVaT0g6+4R2uI4MjQjzysHB1zxuWL50hzaeXiw=="],

    "mimic-fn": ["mimic-fn@2.1.0", "", {}, "sha512-OqbOk5oEQeAZ8WXWydlu9HJjz9WVdEIvamMCcXmuqUYjTknH/sqsWvhQ3vgwKFRR1HpjvNBKQ37nbJgYzGqGcg=="],

    "minimalistic-assert": ["minimalistic-assert@1.0.1", "", {}, "sha512-UtJcAD4yEaGtjPezWuO9wC4nwUnVH/8/Im3yEHQP4b67cXlD/Qr9hdITCU1xDbSEXg2XKNaP8jsReV7vQd00/A=="],

    "minimalistic-crypto-utils": ["minimalistic-crypto-utils@1.0.1", "", {}, "sha512-JIYlbt6g8i5jKfJ3xz7rF0LXmv2TkDxBLUkiBeZ7bAx4GnnNMr8xFpGnOxn6GhTEHx3SjRrZEoU+j04prX1ktg=="],

    "onetime": ["onetime@5.1.2", "", { "dependencies": { "mimic-fn": "^2.1.0" } }, "sha512-kbpaSSGJTWdAY5KPVeMOKXSrPtr8C8C7wodJbcsd51jRnmD+GZu8Y0VoU6Dm5Z4vWr0Ig/1NKuWRKf7j5aaYSg=="],

    "patch-console": ["patch-console@2.0.0", "", {}, "sha512-0YNdUceMdaQwoKce1gatDScmMo5pu/tfABfnzEqeG0gtTmd7mh/WcwgUjtAeOU7N8nFFlbQBnFK2gXW5fGvmMA=="],

    "proxy-from-env": ["proxy-from-env@1.1.0", "", {}, "sha512-D+zkORCbA9f1tdWRK0RaCR3GPv50cMxcrz4X8k5LTSUD1Dkw47mKJEZQNunItRTkWwgtaUSo1RVFRIG9ZXiFYg=="],

    "react": ["react@18.3.1", "", { "dependencies": { "loose-envify": "^1.1.0" } }, "sha512-wS+hAgJShR0KhEvPJArfuPVN1+Hz1t0Y6n5jLrGQbkb4urgPE/0Rve+1kMB1v/oWgHgm4WIcV+i7F2pTVj+2iQ=="],

    "react-devtools-core": ["react-devtools-core@7.0.1", "", { "dependencies": { "shell-quote": "^1.6.1", "ws": "^7" } }, "sha512-C3yNvRHaizlpiASzy7b9vbnBGLrhvdhl1CbdU6EnZgxPNbai60szdLtl+VL76UNOt5bOoVTOz5rNWZxgGt+Gsw=="],

    "react-reconciler": ["react-reconciler@0.29.2", "", { "dependencies": { "loose-envify": "^1.1.0", "scheduler": "^0.23.2" }, "peerDependencies": { "react": "^18.3.1" } }, "sha512-zZQqIiYgDCTP/f1N/mAR10nJGrPD2ZR+jDSEsKWJHYC7Cm2wodlwbR3upZRdC3cjIjSlTLNVyO7Iu0Yy7t2AYg=="],

    "restore-cursor": ["restore-cursor@4.0.0", "", { "dependencies": { "onetime": "^5.1.0", "signal-exit": "^3.0.2" } }, "sha512-I9fPXU9geO9bHOt9pHHOhOkYerIMsmVaWB0rA2AI9ERh/+x/i7MV5HKBNrg+ljO5eoPVgCcnFuRjJ9uH6I/3eg=="],

    "scheduler": ["scheduler@0.23.2", "", { "dependencies": { "loose-envify": "^1.1.0" } }, "sha512-UOShsPwz7NrMUqhR6t0hWjFduvOzbtv7toDH1/hIrfRNIDBnnBWd0CwJTGvTpngVlmwGCdP9/Zl/tVrDqcuYzQ=="],

    "scrypt-js": ["scrypt-js@3.0.1", "", {}, "sha512-cdwTTnqPu0Hyvf5in5asVdZocVDTNRmR7XEcJuIzMjJeSHybHl7vpB66AzwTaIg6CLSbtjcxc8fqcySfnTkccA=="],

    "shell-quote": ["shell-quote@1.8.3", "", {}, "sha512-ObmnIF4hXNg1BqhnHmgbDETF8dLPCggZWBjkQfhZpbszZnYur5DUljTcCHii5LC3J5E0yeO/1LIMyH+UvHQgyw=="],

    "signal-exit": ["signal-exit@3.0.7", "", {}, "sha512-wnD2ZE+l+SPC/uoS0vXeE9L1+0wuaMqKlfz9AMUo38JsyLSBWSFcHR1Rri62LZc12vLr1gb3jl7iwQhgwpAbGQ=="],

    "slice-ansi": ["slice-ansi@6.0.0", "", { "dependencies": { "ansi-styles": "^6.2.1", "is-fullwidth-code-point": "^4.0.0" } }, "sha512-6bn4hRfkTvDfUoEQYkERg0BVF1D0vrX9HEkMl08uDiNWvVvjylLHvZFZWkDo6wjT8tUctbYl1nCOuE66ZTaUtA=="],

    "stack-utils": ["stack-utils@2.0.6", "", { "dependencies": { "escape-string-regexp": "^2.0.0" } }, "sha512-XlkWvfIm6RmsWtNJx+uqtKLS8eqFbxUg0ZzLXqY0caEy9l7hruX8IpiDnjsLavoBgqCCR71TqWO8MaXYheJ3RQ=="],

    "string-width": ["string-width@5.1.2", "", { "dependencies": { "eastasianwidth": "^0.2.0", "emoji-regex": "^9.2.2", "strip-ansi": "^7.0.1" } }, "sha512-HnLOCR3vjcY8beoNLtcjZ5/nxn2afmME6lhrDrebokqMap+XbeW8n9TXpPDOqdGK5qcI3oT0GKTW6wC7EMiVqA=="],

    "strip-ansi": ["strip-ansi@7.1.2", "", { "dependencies": { "ansi-regex": "^6.0.1" } }, "sha512-gmBGslpoQJtgnMAvOVqGZpEz9dyoKTCzy2nfz/n8aIFhN/jCE/rCmcxabB6jOOHV+0WNnylOxaxBQPSvcWklhA=="],

    "strip-hex-prefix": ["strip-hex-prefix@1.0.0", "", { "dependencies": { "is-hex-prefixed": "1.0.0" } }, "sha512-q8d4ue7JGEiVcypji1bALTos+0pWtyGlivAWyPuTkHzuTCJqrK9sWxYQZUq6Nq3cuyv3bm734IhHvHtGGURU6A=="],

    "tslib": ["tslib@2.8.1", "", {}, "sha512-oJFu94HQb+KVduSUQL7wnpmqnfmLsOA/nAh6b6EH0wCEoK0/mPeXU6c3wKDV83MkOuHPRHtSXKKU99IBazS/2w=="],

    "tweetnacl": ["tweetnacl@1.0.3", "", {}, "sha512-6rt+RN7aOi1nGMyC4Xa5DdYiukl2UWCbcJft7YhxReBGQD7OAM8Pbxw6YMo4r2diNEA8FEmu32YOn9rhaiE5yw=="],

    "tweetnacl-util": ["tweetnacl-util@0.15.1", "", {}, "sha512-RKJBIj8lySrShN4w6i/BonWp2Z/uxwC3h4y7xsRrpP59ZboCd0GpEVsOnMDYLMmKBpYhb5TgHzZXy7wTfYFBRw=="],

    "type-fest": ["type-fest@0.12.0", "", {}, "sha512-53RyidyjvkGpnWPMF9bQgFtWp+Sl8O2Rp13VavmJgfAP9WWG6q6TkrKU8iyJdnwnfgHI6k2hTlgqH4aSdjoTbg=="],

    "undici-types": ["undici-types@7.16.0", "", {}, "sha512-Zz+aZWSj8LE6zoxD+xrjh4VfkIG8Ya6LvYkZqtUQGJPZjYl53ypCaUwWqo7eI0x66KBGeRo+mlBEkMSeSZ38Nw=="],

    "widest-line": ["widest-line@4.0.1", "", { "dependencies": { "string-width": "^5.0.1" } }, "sha512-o0cyEG0e8GPzT4iGHphIOh0cJOV8fivsXxddQasHPHfoZf1ZexrfeA21w2NaEN1RHE+fXlfISmOE8R9N3u3Qig=="],

    "wrap-ansi": ["wrap-ansi@8.1.0", "", { "dependencies": { "ansi-styles": "^6.1.0", "string-width": "^5.0.1", "strip-ansi": "^7.0.1" } }, "sha512-si7QWI6zUMq56bESFvagtmzMdGOtoxfR+Sez11Mobfc7tm+VkUckk9bW2UeffTGVUbOksxmSw0AA2gs8g71NCQ=="],

    "ws": ["ws@8.19.0", "", { "peerDependencies": { "bufferutil": "^4.0.1", "utf-8-validate": ">=5.0.2" }, "optionalPeers": ["bufferutil", "utf-8-validate"] }, "sha512-blAT2mjOEIi0ZzruJfIhb3nps74PRWTCz1IjglWEEpQl5XS/UNama6u2/rjFkDDouqr4L67ry+1aGIALViWjDg=="],

    "yoga-wasm-web": ["yoga-wasm-web@0.3.3", "", {}, "sha512-N+d4UJSJbt/R3wqY7Coqs5pcV0aUj2j9IaQ3rNj9bVCLld8tTGKRa2USARjnvZJWVx1NDmQev8EknoczaOQDOA=="],

    "@ethersproject/providers/ws": ["ws@8.18.0", "", { "peerDependencies": { "bufferutil": "^4.0.1", "utf-8-validate": ">=5.0.2" }, "optionalPeers": ["bufferutil", "utf-8-validate"] }, "sha512-8VbfWfHLbbwu3+N6OKsOMpBdT4kXPDDB9cJk2bJ6mh9ucxdlnNvH1e+roYkKmN9Nxw2yjz7VzeO9oOz2zJ04Pw=="],

    "@metamask/eth-sig-util/bn.js": ["bn.js@4.12.2", "", {}, "sha512-n4DSx829VRTRByMRGdjQ9iqsN0Bh4OolPsFnaZBLcbi8iXcB+kJ9s7EnRt4wILZNV3kPLHkRVfOc/HvhC3ovDw=="],

    "@polymarket/builder-signing-sdk/@types/node": ["@types/node@18.19.130", "", { "dependencies": { "undici-types": "~5.26.4" } }, "sha512-GRaXQx6jGfL8sKfaIDD6OupbIHBr9jv7Jnaml9tB7l4v068PAOXqfcujMMo5PhbIs6ggR1XODELqahT2R8v0fg=="],

    "@polymarket/builder-signing-sdk/axios": ["axios@1.13.2", "", { "dependencies": { "follow-redirects": "^1.15.6", "form-data": "^4.0.4", "proxy-from-env": "^1.1.0" } }, "sha512-VPk9ebNqPcy5lRGuSlKx752IlDatOjT9paPlm8A7yOuW2Fbvp4X3JznJtT4f0GzGLLiWE9W8onz51SqLYwzGaA=="],

    "cli-truncate/slice-ansi": ["slice-ansi@5.0.0", "", { "dependencies": { "ansi-styles": "^6.0.0", "is-fullwidth-code-point": "^4.0.0" } }, "sha512-FC+lgizVPfie0kkhqUScwRu1O/lF6NOgJmlCgK+/LYxDCTk8sGelYaHDhFcDN+Sn3Cv+3VSa4Byeo+IMCzpMgQ=="],

    "elliptic/bn.js": ["bn.js@4.12.2", "", {}, "sha512-n4DSx829VRTRByMRGdjQ9iqsN0Bh4OolPsFnaZBLcbi8iXcB+kJ9s7EnRt4wILZNV3kPLHkRVfOc/HvhC3ovDw=="],

    "ink/ws": ["ws@8.18.3", "", { "peerDependencies": { "bufferutil": "^4.0.1", "utf-8-validate": ">=5.0.2" }, "optionalPeers": ["bufferutil", "utf-8-validate"] }, "sha512-PEIGCY5tSlUt50cqyMXfCzX+oOPqN0vuGqWzbcJ2xvnkzkq46oOpz7dQaTDBdfICb4N14+GARUDw2XV2N4tvzg=="],

    "react-devtools-core/ws": ["ws@7.5.10", "", { "peerDependencies": { "bufferutil": "^4.0.1", "utf-8-validate": "^5.0.2" }, "optionalPeers": ["bufferutil", "utf-8-validate"] }, "sha512-+dbF1tHwZpXcbOJdVOkzLDxZP1ailvSxM6ZweXTegylPny803bFhA+vqBYw4s31NSAk4S2Qz+AKXK9a4wkdjcQ=="],

    "@polymarket/builder-signing-sdk/@types/node/undici-types": ["undici-types@5.26.5", "", {}, "sha512-JlCMO+ehdEIKqlFxk6IfVoAUVmgz7cU7zD/h9XZ0qzeosSHmUJVOzSQvvYSYWXkFXC+IfLKSIffhv0sVZup6pA=="],
  }
}
